// !$*UTF8*$!
{
	archiveVersion = 1;
	classes = {
	};
	objectVersion = 56;
	objects = {

/* Begin PBXBuildFile section */
		5276FB2E2BFD178A00BA37F7 /* PokemonRowView.swift in Sources */ = {isa = PBXBuildFile; fileRef = 5276FB2D2BFD178A00BA37F7 /* PokemonRowView.swift */; };
		5276FB302BFD217900BA37F7 /* SpeciesPokemonModel.swift in Sources */ = {isa = PBXBuildFile; fileRef = 5276FB2F2BFD217900BA37F7 /* SpeciesPokemonModel.swift */; };
		52847F452BF92689005A7048 /* PracticaDesarrolloSeguroDiegoAndradesApp.swift in Sources */ = {isa = PBXBuildFile; fileRef = 52847F442BF92689005A7048 /* PracticaDesarrolloSeguroDiegoAndradesApp.swift */; };
		52847F492BF9268A005A7048 /* Assets.xcassets in Resources */ = {isa = PBXBuildFile; fileRef = 52847F482BF9268A005A7048 /* Assets.xcassets */; };
		52847F4C2BF9268A005A7048 /* Preview Assets.xcassets in Resources */ = {isa = PBXBuildFile; fileRef = 52847F4B2BF9268A005A7048 /* Preview Assets.xcassets */; };
		52847F562BF9268B005A7048 /* PracticaDesarrolloSeguroDiegoAndradesTests.swift in Sources */ = {isa = PBXBuildFile; fileRef = 52847F552BF9268B005A7048 /* PracticaDesarrolloSeguroDiegoAndradesTests.swift */; };
		52847F602BF9268B005A7048 /* PracticaDesarrolloSeguroDiegoAndradesUITests.swift in Sources */ = {isa = PBXBuildFile; fileRef = 52847F5F2BF9268B005A7048 /* PracticaDesarrolloSeguroDiegoAndradesUITests.swift */; };
		52847F622BF9268B005A7048 /* PracticaDesarrolloSeguroDiegoAndradesUITestsLaunchTests.swift in Sources */ = {isa = PBXBuildFile; fileRef = 52847F612BF9268B005A7048 /* PracticaDesarrolloSeguroDiegoAndradesUITestsLaunchTests.swift */; };
		52847F792BFA0DE0005A7048 /* EndPoints.swift in Sources */ = {isa = PBXBuildFile; fileRef = 52847F782BFA0DE0005A7048 /* EndPoints.swift */; };
		52847F7C2BFA13CC005A7048 /* PokemonModel.swift in Sources */ = {isa = PBXBuildFile; fileRef = 52847F7B2BFA13CC005A7048 /* PokemonModel.swift */; };
		52847F7E2BFA1479005A7048 /* RemoteDataSourceImpl.swift in Sources */ = {isa = PBXBuildFile; fileRef = 52847F7D2BFA1479005A7048 /* RemoteDataSourceImpl.swift */; };
		52847F802BFA14D0005A7048 /* URLRequestHelperImpl.swift in Sources */ = {isa = PBXBuildFile; fileRef = 52847F7F2BFA14D0005A7048 /* URLRequestHelperImpl.swift */; };
		52847F822BFA1516005A7048 /* URLRequestHelperProtocol.swift in Sources */ = {isa = PBXBuildFile; fileRef = 52847F812BFA1516005A7048 /* URLRequestHelperProtocol.swift */; };
		52847F842BFA1567005A7048 /* RemoteDataSourceProtocol.swift in Sources */ = {isa = PBXBuildFile; fileRef = 52847F832BFA1567005A7048 /* RemoteDataSourceProtocol.swift */; };
		52847F872BFA2264005A7048 /* RepositoryProtocol.swift in Sources */ = {isa = PBXBuildFile; fileRef = 52847F862BFA2264005A7048 /* RepositoryProtocol.swift */; };
		52847F8A2BFA22DD005A7048 /* RootViewModel.swift in Sources */ = {isa = PBXBuildFile; fileRef = 52847F892BFA22DD005A7048 /* RootViewModel.swift */; };
		52847F8C2BFA22E9005A7048 /* RootView.swift in Sources */ = {isa = PBXBuildFile; fileRef = 52847F8B2BFA22E9005A7048 /* RootView.swift */; };
		52847F8F2BFA24C7005A7048 /* PokemonListView.swift in Sources */ = {isa = PBXBuildFile; fileRef = 52847F8E2BFA24C7005A7048 /* PokemonListView.swift */; };
		52847F912BFA27AF005A7048 /* RepositoryImpl.swift in Sources */ = {isa = PBXBuildFile; fileRef = 52847F902BFA27AF005A7048 /* RepositoryImpl.swift */; };
		52EAF6C72BFA919F00089233 /* PokemonHome.swift in Sources */ = {isa = PBXBuildFile; fileRef = 52EAF6C62BFA919F00089233 /* PokemonHome.swift */; };
		52EAF6C92BFBC5A200089233 /* PokemonInfoModel.swift in Sources */ = {isa = PBXBuildFile; fileRef = 52EAF6C82BFBC5A200089233 /* PokemonInfoModel.swift */; };
/* End PBXBuildFile section */

/* Begin PBXContainerItemProxy section */
		52847F522BF9268B005A7048 /* PBXContainerItemProxy */ = {
			isa = PBXContainerItemProxy;
			containerPortal = 52847F392BF92689005A7048 /* Project object */;
			proxyType = 1;
			remoteGlobalIDString = 52847F402BF92689005A7048;
			remoteInfo = PracticaDesarrolloSeguroDiegoAndrades;
		};
		52847F5C2BF9268B005A7048 /* PBXContainerItemProxy */ = {
			isa = PBXContainerItemProxy;
			containerPortal = 52847F392BF92689005A7048 /* Project object */;
			proxyType = 1;
			remoteGlobalIDString = 52847F402BF92689005A7048;
			remoteInfo = PracticaDesarrolloSeguroDiegoAndrades;
		};
/* End PBXContainerItemProxy section */

/* Begin PBXFileReference section */
		5276FB2D2BFD178A00BA37F7 /* PokemonRowView.swift */ = {isa = PBXFileReference; lastKnownFileType = sourcecode.swift; path = PokemonRowView.swift; sourceTree = "<group>"; };
		5276FB2F2BFD217900BA37F7 /* SpeciesPokemonModel.swift */ = {isa = PBXFileReference; lastKnownFileType = sourcecode.swift; path = SpeciesPokemonModel.swift; sourceTree = "<group>"; };
		52847F412BF92689005A7048 /* PracticaDesarrolloSeguroDiegoAndrades.app */ = {isa = PBXFileReference; explicitFileType = wrapper.application; includeInIndex = 0; path = PracticaDesarrolloSeguroDiegoAndrades.app; sourceTree = BUILT_PRODUCTS_DIR; };
		52847F442BF92689005A7048 /* PracticaDesarrolloSeguroDiegoAndradesApp.swift */ = {isa = PBXFileReference; lastKnownFileType = sourcecode.swift; path = PracticaDesarrolloSeguroDiegoAndradesApp.swift; sourceTree = "<group>"; };
		52847F482BF9268A005A7048 /* Assets.xcassets */ = {isa = PBXFileReference; lastKnownFileType = folder.assetcatalog; path = Assets.xcassets; sourceTree = "<group>"; };
		52847F4B2BF9268A005A7048 /* Preview Assets.xcassets */ = {isa = PBXFileReference; lastKnownFileType = folder.assetcatalog; path = "Preview Assets.xcassets"; sourceTree = "<group>"; };
		52847F512BF9268B005A7048 /* PracticaDesarrolloSeguroDiegoAndradesTests.xctest */ = {isa = PBXFileReference; explicitFileType = wrapper.cfbundle; includeInIndex = 0; path = PracticaDesarrolloSeguroDiegoAndradesTests.xctest; sourceTree = BUILT_PRODUCTS_DIR; };
		52847F552BF9268B005A7048 /* PracticaDesarrolloSeguroDiegoAndradesTests.swift */ = {isa = PBXFileReference; lastKnownFileType = sourcecode.swift; path = PracticaDesarrolloSeguroDiegoAndradesTests.swift; sourceTree = "<group>"; };
		52847F5B2BF9268B005A7048 /* PracticaDesarrolloSeguroDiegoAndradesUITests.xctest */ = {isa = PBXFileReference; explicitFileType = wrapper.cfbundle; includeInIndex = 0; path = PracticaDesarrolloSeguroDiegoAndradesUITests.xctest; sourceTree = BUILT_PRODUCTS_DIR; };
		52847F5F2BF9268B005A7048 /* PracticaDesarrolloSeguroDiegoAndradesUITests.swift */ = {isa = PBXFileReference; lastKnownFileType = sourcecode.swift; path = PracticaDesarrolloSeguroDiegoAndradesUITests.swift; sourceTree = "<group>"; };
		52847F612BF9268B005A7048 /* PracticaDesarrolloSeguroDiegoAndradesUITestsLaunchTests.swift */ = {isa = PBXFileReference; lastKnownFileType = sourcecode.swift; path = PracticaDesarrolloSeguroDiegoAndradesUITestsLaunchTests.swift; sourceTree = "<group>"; };
		52847F782BFA0DE0005A7048 /* EndPoints.swift */ = {isa = PBXFileReference; lastKnownFileType = sourcecode.swift; path = EndPoints.swift; sourceTree = "<group>"; };
		52847F7B2BFA13CC005A7048 /* PokemonModel.swift */ = {isa = PBXFileReference; lastKnownFileType = sourcecode.swift; path = PokemonModel.swift; sourceTree = "<group>"; };
		52847F7D2BFA1479005A7048 /* RemoteDataSourceImpl.swift */ = {isa = PBXFileReference; lastKnownFileType = sourcecode.swift; path = RemoteDataSourceImpl.swift; sourceTree = "<group>"; };
		52847F7F2BFA14D0005A7048 /* URLRequestHelperImpl.swift */ = {isa = PBXFileReference; lastKnownFileType = sourcecode.swift; path = URLRequestHelperImpl.swift; sourceTree = "<group>"; };
		52847F812BFA1516005A7048 /* URLRequestHelperProtocol.swift */ = {isa = PBXFileReference; lastKnownFileType = sourcecode.swift; path = URLRequestHelperProtocol.swift; sourceTree = "<group>"; };
		52847F832BFA1567005A7048 /* RemoteDataSourceProtocol.swift */ = {isa = PBXFileReference; lastKnownFileType = sourcecode.swift; path = RemoteDataSourceProtocol.swift; sourceTree = "<group>"; };
		52847F862BFA2264005A7048 /* RepositoryProtocol.swift */ = {isa = PBXFileReference; lastKnownFileType = sourcecode.swift; path = RepositoryProtocol.swift; sourceTree = "<group>"; };
		52847F892BFA22DD005A7048 /* RootViewModel.swift */ = {isa = PBXFileReference; lastKnownFileType = sourcecode.swift; path = RootViewModel.swift; sourceTree = "<group>"; };
		52847F8B2BFA22E9005A7048 /* RootView.swift */ = {isa = PBXFileReference; lastKnownFileType = sourcecode.swift; path = RootView.swift; sourceTree = "<group>"; };
		52847F8E2BFA24C7005A7048 /* PokemonListView.swift */ = {isa = PBXFileReference; lastKnownFileType = sourcecode.swift; path = PokemonListView.swift; sourceTree = "<group>"; };
		52847F902BFA27AF005A7048 /* RepositoryImpl.swift */ = {isa = PBXFileReference; lastKnownFileType = sourcecode.swift; path = RepositoryImpl.swift; sourceTree = "<group>"; };
		52EAF6C62BFA919F00089233 /* PokemonHome.swift */ = {isa = PBXFileReference; lastKnownFileType = sourcecode.swift; path = PokemonHome.swift; sourceTree = "<group>"; };
		52EAF6C82BFBC5A200089233 /* PokemonInfoModel.swift */ = {isa = PBXFileReference; lastKnownFileType = sourcecode.swift; path = PokemonInfoModel.swift; sourceTree = "<group>"; };
/* End PBXFileReference section */

/* Begin PBXFrameworksBuildPhase section */
		52847F3E2BF92689005A7048 /* Frameworks */ = {
			isa = PBXFrameworksBuildPhase;
			buildActionMask = 2147483647;
			files = (
			);
			runOnlyForDeploymentPostprocessing = 0;
		};
		52847F4E2BF9268B005A7048 /* Frameworks */ = {
			isa = PBXFrameworksBuildPhase;
			buildActionMask = 2147483647;
			files = (
			);
			runOnlyForDeploymentPostprocessing = 0;
		};
		52847F582BF9268B005A7048 /* Frameworks */ = {
			isa = PBXFrameworksBuildPhase;
			buildActionMask = 2147483647;
			files = (
			);
			runOnlyForDeploymentPostprocessing = 0;
		};
/* End PBXFrameworksBuildPhase section */

/* Begin PBXGroup section */
		52847F382BF92689005A7048 = {
			isa = PBXGroup;
			children = (
				52847F432BF92689005A7048 /* PracticaDesarrolloSeguroDiegoAndrades */,
				52847F542BF9268B005A7048 /* PracticaDesarrolloSeguroDiegoAndradesTests */,
				52847F5E2BF9268B005A7048 /* PracticaDesarrolloSeguroDiegoAndradesUITests */,
				52847F422BF92689005A7048 /* Products */,
			);
			sourceTree = "<group>";
		};
		52847F422BF92689005A7048 /* Products */ = {
			isa = PBXGroup;
			children = (
				52847F412BF92689005A7048 /* PracticaDesarrolloSeguroDiegoAndrades.app */,
				52847F512BF9268B005A7048 /* PracticaDesarrolloSeguroDiegoAndradesTests.xctest */,
				52847F5B2BF9268B005A7048 /* PracticaDesarrolloSeguroDiegoAndradesUITests.xctest */,
			);
			name = Products;
			sourceTree = "<group>";
		};
		52847F432BF92689005A7048 /* PracticaDesarrolloSeguroDiegoAndrades */ = {
			isa = PBXGroup;
			children = (
				52847F6E2BFA0ADA005A7048 /* Presentation */,
				52847F772BFA0B29005A7048 /* App */,
				52847F732BFA0B04005A7048 /* Data */,
				52847F702BFA0AEB005A7048 /* Domain */,
				52847F4A2BF9268A005A7048 /* Preview Content */,
			);
			path = PracticaDesarrolloSeguroDiegoAndrades;
			sourceTree = "<group>";
		};
		52847F4A2BF9268A005A7048 /* Preview Content */ = {
			isa = PBXGroup;
			children = (
				52847F4B2BF9268A005A7048 /* Preview Assets.xcassets */,
			);
			path = "Preview Content";
			sourceTree = "<group>";
		};
		52847F542BF9268B005A7048 /* PracticaDesarrolloSeguroDiegoAndradesTests */ = {
			isa = PBXGroup;
			children = (
				52847F552BF9268B005A7048 /* PracticaDesarrolloSeguroDiegoAndradesTests.swift */,
			);
			path = PracticaDesarrolloSeguroDiegoAndradesTests;
			sourceTree = "<group>";
		};
		52847F5E2BF9268B005A7048 /* PracticaDesarrolloSeguroDiegoAndradesUITests */ = {
			isa = PBXGroup;
			children = (
				52847F5F2BF9268B005A7048 /* PracticaDesarrolloSeguroDiegoAndradesUITests.swift */,
				52847F612BF9268B005A7048 /* PracticaDesarrolloSeguroDiegoAndradesUITestsLaunchTests.swift */,
			);
			path = PracticaDesarrolloSeguroDiegoAndradesUITests;
			sourceTree = "<group>";
		};
		52847F6E2BFA0ADA005A7048 /* Presentation */ = {
			isa = PBXGroup;
			children = (
				52EAF6C52BFA917F00089233 /* PokemonHome */,
				52847F8D2BFA24B0005A7048 /* PokemonList */,
				52847F882BFA22C1005A7048 /* RootView */,
				52847F6F2BFA0AE5005A7048 /* Home */,
			);
			path = Presentation;
			sourceTree = "<group>";
		};
		52847F6F2BFA0AE5005A7048 /* Home */ = {
			isa = PBXGroup;
			children = (
			);
			path = Home;
			sourceTree = "<group>";
		};
		52847F702BFA0AEB005A7048 /* Domain */ = {
			isa = PBXGroup;
			children = (
				52847F722BFA0AF9005A7048 /* Models */,
				52847F712BFA0AF3005A7048 /* Protocols */,
			);
			path = Domain;
			sourceTree = "<group>";
		};
		52847F712BFA0AF3005A7048 /* Protocols */ = {
			isa = PBXGroup;
			children = (
				52847F812BFA1516005A7048 /* URLRequestHelperProtocol.swift */,
				52847F832BFA1567005A7048 /* RemoteDataSourceProtocol.swift */,
				52847F862BFA2264005A7048 /* RepositoryProtocol.swift */,
			);
			path = Protocols;
			sourceTree = "<group>";
		};
		52847F722BFA0AF9005A7048 /* Models */ = {
			isa = PBXGroup;
			children = (
				52847F7B2BFA13CC005A7048 /* PokemonModel.swift */,
				52EAF6C82BFBC5A200089233 /* PokemonInfoModel.swift */,
				5276FB2F2BFD217900BA37F7 /* SpeciesPokemonModel.swift */,
			);
			path = Models;
			sourceTree = "<group>";
		};
		52847F732BFA0B04005A7048 /* Data */ = {
			isa = PBXGroup;
			children = (
				52847F762BFA0B1F005A7048 /* Utils */,
				52847F742BFA0B0B005A7048 /* Repository */,
				52847F752BFA0B19005A7048 /* Remote */,
			);
			path = Data;
			sourceTree = "<group>";
		};
		52847F742BFA0B0B005A7048 /* Repository */ = {
			isa = PBXGroup;
			children = (
				52847F902BFA27AF005A7048 /* RepositoryImpl.swift */,
			);
			path = Repository;
			sourceTree = "<group>";
		};
		52847F752BFA0B19005A7048 /* Remote */ = {
			isa = PBXGroup;
			children = (
				52847F782BFA0DE0005A7048 /* EndPoints.swift */,
				52847F7D2BFA1479005A7048 /* RemoteDataSourceImpl.swift */,
				52847F7F2BFA14D0005A7048 /* URLRequestHelperImpl.swift */,
			);
			path = Remote;
			sourceTree = "<group>";
		};
		52847F762BFA0B1F005A7048 /* Utils */ = {
			isa = PBXGroup;
			children = (
			);
			path = Utils;
			sourceTree = "<group>";
		};
		52847F772BFA0B29005A7048 /* App */ = {
			isa = PBXGroup;
			children = (
				52847F442BF92689005A7048 /* PracticaDesarrolloSeguroDiegoAndradesApp.swift */,
				52847F482BF9268A005A7048 /* Assets.xcassets */,
			);
			path = App;
			sourceTree = "<group>";
		};
		52847F882BFA22C1005A7048 /* RootView */ = {
			isa = PBXGroup;
			children = (
				52847F892BFA22DD005A7048 /* RootViewModel.swift */,
				52847F8B2BFA22E9005A7048 /* RootView.swift */,
			);
			path = RootView;
			sourceTree = "<group>";
		};
		52847F8D2BFA24B0005A7048 /* PokemonList */ = {
			isa = PBXGroup;
			children = (
				52847F8E2BFA24C7005A7048 /* PokemonListView.swift */,
				5276FB2D2BFD178A00BA37F7 /* PokemonRowView.swift */,
			);
			path = PokemonList;
			sourceTree = "<group>";
		};
		52EAF6C52BFA917F00089233 /* PokemonHome */ = {
			isa = PBXGroup;
			children = (
				52EAF6C62BFA919F00089233 /* PokemonHome.swift */,
			);
			path = PokemonHome;
			sourceTree = "<group>";
		};
/* End PBXGroup section */

/* Begin PBXNativeTarget section */
		52847F402BF92689005A7048 /* PracticaDesarrolloSeguroDiegoAndrades */ = {
			isa = PBXNativeTarget;
			buildConfigurationList = 52847F652BF9268B005A7048 /* Build configuration list for PBXNativeTarget "PracticaDesarrolloSeguroDiegoAndrades" */;
			buildPhases = (
				52847F3D2BF92689005A7048 /* Sources */,
				52847F3E2BF92689005A7048 /* Frameworks */,
				52847F3F2BF92689005A7048 /* Resources */,
			);
			buildRules = (
			);
			dependencies = (
			);
			name = PracticaDesarrolloSeguroDiegoAndrades;
			productName = PracticaDesarrolloSeguroDiegoAndrades;
			productReference = 52847F412BF92689005A7048 /* PracticaDesarrolloSeguroDiegoAndrades.app */;
			productType = "com.apple.product-type.application";
		};
		52847F502BF9268B005A7048 /* PracticaDesarrolloSeguroDiegoAndradesTests */ = {
			isa = PBXNativeTarget;
			buildConfigurationList = 52847F682BF9268B005A7048 /* Build configuration list for PBXNativeTarget "PracticaDesarrolloSeguroDiegoAndradesTests" */;
			buildPhases = (
				52847F4D2BF9268B005A7048 /* Sources */,
				52847F4E2BF9268B005A7048 /* Frameworks */,
				52847F4F2BF9268B005A7048 /* Resources */,
			);
			buildRules = (
			);
			dependencies = (
				52847F532BF9268B005A7048 /* PBXTargetDependency */,
			);
			name = PracticaDesarrolloSeguroDiegoAndradesTests;
			productName = PracticaDesarrolloSeguroDiegoAndradesTests;
			productReference = 52847F512BF9268B005A7048 /* PracticaDesarrolloSeguroDiegoAndradesTests.xctest */;
			productType = "com.apple.product-type.bundle.unit-test";
		};
		52847F5A2BF9268B005A7048 /* PracticaDesarrolloSeguroDiegoAndradesUITests */ = {
			isa = PBXNativeTarget;
			buildConfigurationList = 52847F6B2BF9268B005A7048 /* Build configuration list for PBXNativeTarget "PracticaDesarrolloSeguroDiegoAndradesUITests" */;
			buildPhases = (
				52847F572BF9268B005A7048 /* Sources */,
				52847F582BF9268B005A7048 /* Frameworks */,
				52847F592BF9268B005A7048 /* Resources */,
			);
			buildRules = (
			);
			dependencies = (
				52847F5D2BF9268B005A7048 /* PBXTargetDependency */,
			);
			name = PracticaDesarrolloSeguroDiegoAndradesUITests;
			productName = PracticaDesarrolloSeguroDiegoAndradesUITests;
			productReference = 52847F5B2BF9268B005A7048 /* PracticaDesarrolloSeguroDiegoAndradesUITests.xctest */;
			productType = "com.apple.product-type.bundle.ui-testing";
		};
/* End PBXNativeTarget section */

/* Begin PBXProject section */
		52847F392BF92689005A7048 /* Project object */ = {
			isa = PBXProject;
			attributes = {
				BuildIndependentTargetsInParallel = 1;
				LastSwiftUpdateCheck = 1530;
				LastUpgradeCheck = 1530;
				TargetAttributes = {
					52847F402BF92689005A7048 = {
						CreatedOnToolsVersion = 15.3;
					};
					52847F502BF9268B005A7048 = {
						CreatedOnToolsVersion = 15.3;
						TestTargetID = 52847F402BF92689005A7048;
					};
					52847F5A2BF9268B005A7048 = {
						CreatedOnToolsVersion = 15.3;
						TestTargetID = 52847F402BF92689005A7048;
					};
				};
			};
			buildConfigurationList = 52847F3C2BF92689005A7048 /* Build configuration list for PBXProject "PracticaDesarrolloSeguroDiegoAndrades" */;
			compatibilityVersion = "Xcode 14.0";
			developmentRegion = en;
			hasScannedForEncodings = 0;
			knownRegions = (
				en,
				Base,
			);
			mainGroup = 52847F382BF92689005A7048;
			productRefGroup = 52847F422BF92689005A7048 /* Products */;
			projectDirPath = "";
			projectRoot = "";
			targets = (
				52847F402BF92689005A7048 /* PracticaDesarrolloSeguroDiegoAndrades */,
				52847F502BF9268B005A7048 /* PracticaDesarrolloSeguroDiegoAndradesTests */,
				52847F5A2BF9268B005A7048 /* PracticaDesarrolloSeguroDiegoAndradesUITests */,
			);
		};
/* End PBXProject section */

/* Begin PBXResourcesBuildPhase section */
		52847F3F2BF92689005A7048 /* Resources */ = {
			isa = PBXResourcesBuildPhase;
			buildActionMask = 2147483647;
			files = (
				52847F4C2BF9268A005A7048 /* Preview Assets.xcassets in Resources */,
				52847F492BF9268A005A7048 /* Assets.xcassets in Resources */,
			);
			runOnlyForDeploymentPostprocessing = 0;
		};
		52847F4F2BF9268B005A7048 /* Resources */ = {
			isa = PBXResourcesBuildPhase;
			buildActionMask = 2147483647;
			files = (
			);
			runOnlyForDeploymentPostprocessing = 0;
		};
		52847F592BF9268B005A7048 /* Resources */ = {
			isa = PBXResourcesBuildPhase;
			buildActionMask = 2147483647;
			files = (
			);
			runOnlyForDeploymentPostprocessing = 0;
		};
/* End PBXResourcesBuildPhase section */

/* Begin PBXSourcesBuildPhase section */
		52847F3D2BF92689005A7048 /* Sources */ = {
			isa = PBXSourcesBuildPhase;
			buildActionMask = 2147483647;
			files = (
				52847F8A2BFA22DD005A7048 /* RootViewModel.swift in Sources */,
				5276FB2E2BFD178A00BA37F7 /* PokemonRowView.swift in Sources */,
				52847F7E2BFA1479005A7048 /* RemoteDataSourceImpl.swift in Sources */,
				52EAF6C72BFA919F00089233 /* PokemonHome.swift in Sources */,
				52847F842BFA1567005A7048 /* RemoteDataSourceProtocol.swift in Sources */,
				52847F8F2BFA24C7005A7048 /* PokemonListView.swift in Sources */,
				52EAF6C92BFBC5A200089233 /* PokemonInfoModel.swift in Sources */,
				52847F7C2BFA13CC005A7048 /* PokemonModel.swift in Sources */,
				52847F792BFA0DE0005A7048 /* EndPoints.swift in Sources */,
				52847F822BFA1516005A7048 /* URLRequestHelperProtocol.swift in Sources */,
				5276FB302BFD217900BA37F7 /* SpeciesPokemonModel.swift in Sources */,
				52847F452BF92689005A7048 /* PracticaDesarrolloSeguroDiegoAndradesApp.swift in Sources */,
				52847F802BFA14D0005A7048 /* URLRequestHelperImpl.swift in Sources */,
				52847F872BFA2264005A7048 /* RepositoryProtocol.swift in Sources */,
				52847F912BFA27AF005A7048 /* RepositoryImpl.swift in Sources */,
				52847F8C2BFA22E9005A7048 /* RootView.swift in Sources */,
			);
			runOnlyForDeploymentPostprocessing = 0;
		};
		52847F4D2BF9268B005A7048 /* Sources */ = {
			isa = PBXSourcesBuildPhase;
			buildActionMask = 2147483647;
			files = (
				52847F562BF9268B005A7048 /* PracticaDesarrolloSeguroDiegoAndradesTests.swift in Sources */,
			);
			runOnlyForDeploymentPostprocessing = 0;
		};
		52847F572BF9268B005A7048 /* Sources */ = {
			isa = PBXSourcesBuildPhase;
			buildActionMask = 2147483647;
			files = (
				52847F622BF9268B005A7048 /* PracticaDesarrolloSeguroDiegoAndradesUITestsLaunchTests.swift in Sources */,
				52847F602BF9268B005A7048 /* PracticaDesarrolloSeguroDiegoAndradesUITests.swift in Sources */,
			);
			runOnlyForDeploymentPostprocessing = 0;
		};
/* End PBXSourcesBuildPhase section */

/* Begin PBXTargetDependency section */
		52847F532BF9268B005A7048 /* PBXTargetDependency */ = {
			isa = PBXTargetDependency;
			target = 52847F402BF92689005A7048 /* PracticaDesarrolloSeguroDiegoAndrades */;
			targetProxy = 52847F522BF9268B005A7048 /* PBXContainerItemProxy */;
		};
		52847F5D2BF9268B005A7048 /* PBXTargetDependency */ = {
			isa = PBXTargetDependency;
			target = 52847F402BF92689005A7048 /* PracticaDesarrolloSeguroDiegoAndrades */;
			targetProxy = 52847F5C2BF9268B005A7048 /* PBXContainerItemProxy */;
		};
/* End PBXTargetDependency section */

/* Begin XCBuildConfiguration section */
		52847F632BF9268B005A7048 /* Debug */ = {
			isa = XCBuildConfiguration;
			buildSettings = {
				ALWAYS_SEARCH_USER_PATHS = NO;
				ASSETCATALOG_COMPILER_GENERATE_SWIFT_ASSET_SYMBOL_EXTENSIONS = YES;
				CLANG_ANALYZER_NONNULL = YES;
				CLANG_ANALYZER_NUMBER_OBJECT_CONVERSION = YES_AGGRESSIVE;
				CLANG_CXX_LANGUAGE_STANDARD = "gnu++20";
				CLANG_ENABLE_MODULES = YES;
				CLANG_ENABLE_OBJC_ARC = YES;
				CLANG_ENABLE_OBJC_WEAK = YES;
				CLANG_WARN_BLOCK_CAPTURE_AUTORELEASING = YES;
				CLANG_WARN_BOOL_CONVERSION = YES;
				CLANG_WARN_COMMA = YES;
				CLANG_WARN_CONSTANT_CONVERSION = YES;
				CLANG_WARN_DEPRECATED_OBJC_IMPLEMENTATIONS = YES;
				CLANG_WARN_DIRECT_OBJC_ISA_USAGE = YES_ERROR;
				CLANG_WARN_DOCUMENTATION_COMMENTS = YES;
				CLANG_WARN_EMPTY_BODY = YES;
				CLANG_WARN_ENUM_CONVERSION = YES;
				CLANG_WARN_INFINITE_RECURSION = YES;
				CLANG_WARN_INT_CONVERSION = YES;
				CLANG_WARN_NON_LITERAL_NULL_CONVERSION = YES;
				CLANG_WARN_OBJC_IMPLICIT_RETAIN_SELF = YES;
				CLANG_WARN_OBJC_LITERAL_CONVERSION = YES;
				CLANG_WARN_OBJC_ROOT_CLASS = YES_ERROR;
				CLANG_WARN_QUOTED_INCLUDE_IN_FRAMEWORK_HEADER = YES;
				CLANG_WARN_RANGE_LOOP_ANALYSIS = YES;
				CLANG_WARN_STRICT_PROTOTYPES = YES;
				CLANG_WARN_SUSPICIOUS_MOVE = YES;
				CLANG_WARN_UNGUARDED_AVAILABILITY = YES_AGGRESSIVE;
				CLANG_WARN_UNREACHABLE_CODE = YES;
				CLANG_WARN__DUPLICATE_METHOD_MATCH = YES;
				COPY_PHASE_STRIP = NO;
				DEBUG_INFORMATION_FORMAT = dwarf;
				ENABLE_STRICT_OBJC_MSGSEND = YES;
				ENABLE_TESTABILITY = YES;
				ENABLE_USER_SCRIPT_SANDBOXING = YES;
				GCC_C_LANGUAGE_STANDARD = gnu17;
				GCC_DYNAMIC_NO_PIC = NO;
				GCC_NO_COMMON_BLOCKS = YES;
				GCC_OPTIMIZATION_LEVEL = 0;
				GCC_PREPROCESSOR_DEFINITIONS = (
					"DEBUG=1",
					"$(inherited)",
				);
				GCC_WARN_64_TO_32_BIT_CONVERSION = YES;
				GCC_WARN_ABOUT_RETURN_TYPE = YES_ERROR;
				GCC_WARN_UNDECLARED_SELECTOR = YES;
				GCC_WARN_UNINITIALIZED_AUTOS = YES_AGGRESSIVE;
				GCC_WARN_UNUSED_FUNCTION = YES;
				GCC_WARN_UNUSED_VARIABLE = YES;
				IPHONEOS_DEPLOYMENT_TARGET = 17.4;
				LOCALIZATION_PREFERS_STRING_CATALOGS = YES;
				MTL_ENABLE_DEBUG_INFO = INCLUDE_SOURCE;
				MTL_FAST_MATH = YES;
				ONLY_ACTIVE_ARCH = YES;
				SDKROOT = iphoneos;
				SWIFT_ACTIVE_COMPILATION_CONDITIONS = "DEBUG $(inherited)";
				SWIFT_OPTIMIZATION_LEVEL = "-Onone";
			};
			name = Debug;
		};
		52847F642BF9268B005A7048 /* Release */ = {
			isa = XCBuildConfiguration;
			buildSettings = {
				ALWAYS_SEARCH_USER_PATHS = NO;
				ASSETCATALOG_COMPILER_GENERATE_SWIFT_ASSET_SYMBOL_EXTENSIONS = YES;
				CLANG_ANALYZER_NONNULL = YES;
				CLANG_ANALYZER_NUMBER_OBJECT_CONVERSION = YES_AGGRESSIVE;
				CLANG_CXX_LANGUAGE_STANDARD = "gnu++20";
				CLANG_ENABLE_MODULES = YES;
				CLANG_ENABLE_OBJC_ARC = YES;
				CLANG_ENABLE_OBJC_WEAK = YES;
				CLANG_WARN_BLOCK_CAPTURE_AUTORELEASING = YES;
				CLANG_WARN_BOOL_CONVERSION = YES;
				CLANG_WARN_COMMA = YES;
				CLANG_WARN_CONSTANT_CONVERSION = YES;
				CLANG_WARN_DEPRECATED_OBJC_IMPLEMENTATIONS = YES;
				CLANG_WARN_DIRECT_OBJC_ISA_USAGE = YES_ERROR;
				CLANG_WARN_DOCUMENTATION_COMMENTS = YES;
				CLANG_WARN_EMPTY_BODY = YES;
				CLANG_WARN_ENUM_CONVERSION = YES;
				CLANG_WARN_INFINITE_RECURSION = YES;
				CLANG_WARN_INT_CONVERSION = YES;
				CLANG_WARN_NON_LITERAL_NULL_CONVERSION = YES;
				CLANG_WARN_OBJC_IMPLICIT_RETAIN_SELF = YES;
				CLANG_WARN_OBJC_LITERAL_CONVERSION = YES;
				CLANG_WARN_OBJC_ROOT_CLASS = YES_ERROR;
				CLANG_WARN_QUOTED_INCLUDE_IN_FRAMEWORK_HEADER = YES;
				CLANG_WARN_RANGE_LOOP_ANALYSIS = YES;
				CLANG_WARN_STRICT_PROTOTYPES = YES;
				CLANG_WARN_SUSPICIOUS_MOVE = YES;
				CLANG_WARN_UNGUARDED_AVAILABILITY = YES_AGGRESSIVE;
				CLANG_WARN_UNREACHABLE_CODE = YES;
				CLANG_WARN__DUPLICATE_METHOD_MATCH = YES;
				COPY_PHASE_STRIP = NO;
				DEBUG_INFORMATION_FORMAT = "dwarf-with-dsym";
				ENABLE_NS_ASSERTIONS = NO;
				ENABLE_STRICT_OBJC_MSGSEND = YES;
				ENABLE_USER_SCRIPT_SANDBOXING = YES;
				GCC_C_LANGUAGE_STANDARD = gnu17;
				GCC_NO_COMMON_BLOCKS = YES;
				GCC_WARN_64_TO_32_BIT_CONVERSION = YES;
				GCC_WARN_ABOUT_RETURN_TYPE = YES_ERROR;
				GCC_WARN_UNDECLARED_SELECTOR = YES;
				GCC_WARN_UNINITIALIZED_AUTOS = YES_AGGRESSIVE;
				GCC_WARN_UNUSED_FUNCTION = YES;
				GCC_WARN_UNUSED_VARIABLE = YES;
				IPHONEOS_DEPLOYMENT_TARGET = 17.4;
				LOCALIZATION_PREFERS_STRING_CATALOGS = YES;
				MTL_ENABLE_DEBUG_INFO = NO;
				MTL_FAST_MATH = YES;
				SDKROOT = iphoneos;
				SWIFT_COMPILATION_MODE = wholemodule;
				VALIDATE_PRODUCT = YES;
			};
			name = Release;
		};
		52847F662BF9268B005A7048 /* Debug */ = {
			isa = XCBuildConfiguration;
			buildSettings = {
				ASSETCATALOG_COMPILER_APPICON_NAME = AppIcon;
				ASSETCATALOG_COMPILER_GLOBAL_ACCENT_COLOR_NAME = AccentColor;
				CODE_SIGN_STYLE = Automatic;
				CURRENT_PROJECT_VERSION = 1;
				DEVELOPMENT_ASSET_PATHS = "\"PracticaDesarrolloSeguroDiegoAndrades/Preview Content\"";
				DEVELOPMENT_TEAM = 8Z9R3793D9;
				ENABLE_PREVIEWS = YES;
				GENERATE_INFOPLIST_FILE = YES;
				INFOPLIST_KEY_UIApplicationSceneManifest_Generation = YES;
				INFOPLIST_KEY_UIApplicationSupportsIndirectInputEvents = YES;
				INFOPLIST_KEY_UILaunchScreen_Generation = YES;
				INFOPLIST_KEY_UISupportedInterfaceOrientations_iPad = "UIInterfaceOrientationPortrait UIInterfaceOrientationPortraitUpsideDown UIInterfaceOrientationLandscapeLeft UIInterfaceOrientationLandscapeRight";
				INFOPLIST_KEY_UISupportedInterfaceOrientations_iPhone = "UIInterfaceOrientationPortrait UIInterfaceOrientationLandscapeLeft UIInterfaceOrientationLandscapeRight";
				IPHONEOS_DEPLOYMENT_TARGET = 17.0;
				LD_RUNPATH_SEARCH_PATHS = (
					"$(inherited)",
					"@executable_path/Frameworks",
				);
				MARKETING_VERSION = 1.0;
				PRODUCT_BUNDLE_IDENTIFIER = d.a.o.PracticaDesarrolloSeguroDiegoAndrades;
				PRODUCT_NAME = "$(TARGET_NAME)";
				SWIFT_EMIT_LOC_STRINGS = YES;
				SWIFT_VERSION = 5.0;
				TARGETED_DEVICE_FAMILY = "1,2";
			};
			name = Debug;
		};
		52847F672BF9268B005A7048 /* Release */ = {
			isa = XCBuildConfiguration;
			buildSettings = {
				ASSETCATALOG_COMPILER_APPICON_NAME = AppIcon;
				ASSETCATALOG_COMPILER_GLOBAL_ACCENT_COLOR_NAME = AccentColor;
				CODE_SIGN_STYLE = Automatic;
				CURRENT_PROJECT_VERSION = 1;
				DEVELOPMENT_ASSET_PATHS = "\"PracticaDesarrolloSeguroDiegoAndrades/Preview Content\"";
				DEVELOPMENT_TEAM = 8Z9R3793D9;
				ENABLE_PREVIEWS = YES;
				GENERATE_INFOPLIST_FILE = YES;
				INFOPLIST_KEY_UIApplicationSceneManifest_Generation = YES;
				INFOPLIST_KEY_UIApplicationSupportsIndirectInputEvents = YES;
				INFOPLIST_KEY_UILaunchScreen_Generation = YES;
				INFOPLIST_KEY_UISupportedInterfaceOrientations_iPad = "UIInterfaceOrientationPortrait UIInterfaceOrientationPortraitUpsideDown UIInterfaceOrientationLandscapeLeft UIInterfaceOrientationLandscapeRight";
				INFOPLIST_KEY_UISupportedInterfaceOrientations_iPhone = "UIInterfaceOrientationPortrait UIInterfaceOrientationLandscapeLeft UIInterfaceOrientationLandscapeRight";
				IPHONEOS_DEPLOYMENT_TARGET = 17.0;
				LD_RUNPATH_SEARCH_PATHS = (
					"$(inherited)",
					"@executable_path/Frameworks",
				);
				MARKETING_VERSION = 1.0;
				PRODUCT_BUNDLE_IDENTIFIER = d.a.o.PracticaDesarrolloSeguroDiegoAndrades;
				PRODUCT_NAME = "$(TARGET_NAME)";
				SWIFT_EMIT_LOC_STRINGS = YES;
				SWIFT_VERSION = 5.0;
				TARGETED_DEVICE_FAMILY = "1,2";
			};
			name = Release;
		};
		52847F692BF9268B005A7048 /* Debug */ = {
			isa = XCBuildConfiguration;
			buildSettings = {
				ALWAYS_EMBED_SWIFT_STANDARD_LIBRARIES = YES;
				BUNDLE_LOADER = "$(TEST_HOST)";
				CODE_SIGN_STYLE = Automatic;
				CURRENT_PROJECT_VERSION = 1;
				GENERATE_INFOPLIST_FILE = YES;
				IPHONEOS_DEPLOYMENT_TARGET = 17.4;
				MARKETING_VERSION = 1.0;
				PRODUCT_BUNDLE_IDENTIFIER = d.a.o.PracticaDesarrolloSeguroDiegoAndradesTests;
				PRODUCT_NAME = "$(TARGET_NAME)";
				SWIFT_EMIT_LOC_STRINGS = NO;
				SWIFT_VERSION = 5.0;
				TARGETED_DEVICE_FAMILY = "1,2";
				TEST_HOST = "$(BUILT_PRODUCTS_DIR)/PracticaDesarrolloSeguroDiegoAndrades.app/$(BUNDLE_EXECUTABLE_FOLDER_PATH)/PracticaDesarrolloSeguroDiegoAndrades";
			};
			name = Debug;
		};
		52847F6A2BF9268B005A7048 /* Release */ = {
			isa = XCBuildConfiguration;
			buildSettings = {
				ALWAYS_EMBED_SWIFT_STANDARD_LIBRARIES = YES;
				BUNDLE_LOADER = "$(TEST_HOST)";
				CODE_SIGN_STYLE = Automatic;
				CURRENT_PROJECT_VERSION = 1;
				GENERATE_INFOPLIST_FILE = YES;
				IPHONEOS_DEPLOYMENT_TARGET = 17.4;
				MARKETING_VERSION = 1.0;
				PRODUCT_BUNDLE_IDENTIFIER = d.a.o.PracticaDesarrolloSeguroDiegoAndradesTests;
				PRODUCT_NAME = "$(TARGET_NAME)";
				SWIFT_EMIT_LOC_STRINGS = NO;
				SWIFT_VERSION = 5.0;
				TARGETED_DEVICE_FAMILY = "1,2";
				TEST_HOST = "$(BUILT_PRODUCTS_DIR)/PracticaDesarrolloSeguroDiegoAndrades.app/$(BUNDLE_EXECUTABLE_FOLDER_PATH)/PracticaDesarrolloSeguroDiegoAndrades";
			};
			name = Release;
		};
		52847F6C2BF9268B005A7048 /* Debug */ = {
			isa = XCBuildConfiguration;
			buildSettings = {
				ALWAYS_EMBED_SWIFT_STANDARD_LIBRARIES = YES;
				CODE_SIGN_STYLE = Automatic;
				CURRENT_PROJECT_VERSION = 1;
				GENERATE_INFOPLIST_FILE = YES;
				MARKETING_VERSION = 1.0;
				PRODUCT_BUNDLE_IDENTIFIER = d.a.o.PracticaDesarrolloSeguroDiegoAndradesUITests;
				PRODUCT_NAME = "$(TARGET_NAME)";
				SWIFT_EMIT_LOC_STRINGS = NO;
				SWIFT_VERSION = 5.0;
				TARGETED_DEVICE_FAMILY = "1,2";
				TEST_TARGET_NAME = PracticaDesarrolloSeguroDiegoAndrades;
			};
			name = Debug;
		};
		52847F6D2BF9268B005A7048 /* Release */ = {
			isa = XCBuildConfiguration;
			buildSettings = {
				ALWAYS_EMBED_SWIFT_STANDARD_LIBRARIES = YES;
				CODE_SIGN_STYLE = Automatic;
				CURRENT_PROJECT_VERSION = 1;
				GENERATE_INFOPLIST_FILE = YES;
				MARKETING_VERSION = 1.0;
				PRODUCT_BUNDLE_IDENTIFIER = d.a.o.PracticaDesarrolloSeguroDiegoAndradesUITests;
				PRODUCT_NAME = "$(TARGET_NAME)";
				SWIFT_EMIT_LOC_STRINGS = NO;
				SWIFT_VERSION = 5.0;
				TARGETED_DEVICE_FAMILY = "1,2";
				TEST_TARGET_NAME = PracticaDesarrolloSeguroDiegoAndrades;
			};
			name = Release;
		};
/* End XCBuildConfiguration section */

/* Begin XCConfigurationList section */
		52847F3C2BF92689005A7048 /* Build configuration list for PBXProject "PracticaDesarrolloSeguroDiegoAndrades" */ = {
			isa = XCConfigurationList;
			buildConfigurations = (
				52847F632BF9268B005A7048 /* Debug */,
				52847F642BF9268B005A7048 /* Release */,
			);
			defaultConfigurationIsVisible = 0;
			defaultConfigurationName = Release;
		};
		52847F652BF9268B005A7048 /* Build configuration list for PBXNativeTarget "PracticaDesarrolloSeguroDiegoAndrades" */ = {
			isa = XCConfigurationList;
			buildConfigurations = (
				52847F662BF9268B005A7048 /* Debug */,
				52847F672BF9268B005A7048 /* Release */,
			);
			defaultConfigurationIsVisible = 0;
			defaultConfigurationName = Release;
		};
		52847F682BF9268B005A7048 /* Build configuration list for PBXNativeTarget "PracticaDesarrolloSeguroDiegoAndradesTests" */ = {
			isa = XCConfigurationList;
			buildConfigurations = (
				52847F692BF9268B005A7048 /* Debug */,
				52847F6A2BF9268B005A7048 /* Release */,
			);
			defaultConfigurationIsVisible = 0;
			defaultConfigurationName = Release;
		};
		52847F6B2BF9268B005A7048 /* Build configuration list for PBXNativeTarget "PracticaDesarrolloSeguroDiegoAndradesUITests" */ = {
			isa = XCConfigurationList;
			buildConfigurations = (
				52847F6C2BF9268B005A7048 /* Debug */,
				52847F6D2BF9268B005A7048 /* Release */,
			);
			defaultConfigurationIsVisible = 0;
			defaultConfigurationName = Release;
		};
/* End XCConfigurationList section */
	};
	rootObject = 52847F392BF92689005A7048 /* Project object */;
}
